// !$*UTF8*$!
{
	archiveVersion = 1;
	classes = {
	};
	objectVersion = 77;
	objects = {

/* Begin PBXBuildFile section */
		8194E53D2DCE186400B976DF /* PolyPrep_ Watch App.app in Embed Watch Content */ = {isa = PBXBuildFile; fileRef = 8194E51A2DCE186200B976DF /* PolyPrep_ Watch App.app */; settings = {ATTRIBUTES = (RemoveHeadersOnCopy, ); }; };
/* End PBXBuildFile section */

/* Begin PBXContainerItemProxy section */
		8194E52A2DCE186400B976DF /* PBXContainerItemProxy */ = {
			isa = PBXContainerItemProxy;
			containerPortal = 81F4814A2D92EF090094F556 /* Project object */;
			proxyType = 1;
			remoteGlobalIDString = 8194E5192DCE186200B976DF;
			remoteInfo = "PolyPrep_ Watch App";
		};
		8194E5342DCE186400B976DF /* PBXContainerItemProxy */ = {
			isa = PBXContainerItemProxy;
			containerPortal = 81F4814A2D92EF090094F556 /* Project object */;
			proxyType = 1;
			remoteGlobalIDString = 8194E5192DCE186200B976DF;
			remoteInfo = "PolyPrep_ Watch App";
		};
		8194E53B2DCE186400B976DF /* PBXContainerItemProxy */ = {
			isa = PBXContainerItemProxy;
			containerPortal = 81F4814A2D92EF090094F556 /* Project object */;
			proxyType = 1;
			remoteGlobalIDString = 8194E5192DCE186200B976DF;
			remoteInfo = "PolyPrep_ Watch App";
		};
		81F481632D92EF0B0094F556 /* PBXContainerItemProxy */ = {
			isa = PBXContainerItemProxy;
			containerPortal = 81F4814A2D92EF090094F556 /* Project object */;
			proxyType = 1;
			remoteGlobalIDString = 81F481512D92EF090094F556;
			remoteInfo = PolyPrep;
		};
		81F4816D2D92EF0B0094F556 /* PBXContainerItemProxy */ = {
			isa = PBXContainerItemProxy;
			containerPortal = 81F4814A2D92EF090094F556 /* Project object */;
			proxyType = 1;
			remoteGlobalIDString = 81F481512D92EF090094F556;
			remoteInfo = PolyPrep;
		};
/* End PBXContainerItemProxy section */

/* Begin PBXCopyFilesBuildPhase section */
		8194E5412DCE186400B976DF /* Embed Watch Content */ = {
			isa = PBXCopyFilesBuildPhase;
			buildActionMask = 2147483647;
			dstPath = "$(CONTENTS_FOLDER_PATH)/Watch";
			dstSubfolderSpec = 16;
			files = (
				8194E53D2DCE186400B976DF /* PolyPrep_ Watch App.app in Embed Watch Content */,
			);
			name = "Embed Watch Content";
			runOnlyForDeploymentPostprocessing = 0;
		};
/* End PBXCopyFilesBuildPhase section */

/* Begin PBXFileReference section */
		8194E51A2DCE186200B976DF /* PolyPrep_ Watch App.app */ = {isa = PBXFileReference; explicitFileType = wrapper.application; includeInIndex = 0; path = "PolyPrep_ Watch App.app"; sourceTree = BUILT_PRODUCTS_DIR; };
		8194E5292DCE186400B976DF /* PolyPrep_ Watch AppTests.xctest */ = {isa = PBXFileReference; explicitFileType = wrapper.cfbundle; includeInIndex = 0; path = "PolyPrep_ Watch AppTests.xctest"; sourceTree = BUILT_PRODUCTS_DIR; };
		8194E5332DCE186400B976DF /* PolyPrep_ Watch AppUITests.xctest */ = {isa = PBXFileReference; explicitFileType = wrapper.cfbundle; includeInIndex = 0; path = "PolyPrep_ Watch AppUITests.xctest"; sourceTree = BUILT_PRODUCTS_DIR; };
		81F481522D92EF090094F556 /* PolyPrep.app */ = {isa = PBXFileReference; explicitFileType = wrapper.application; includeInIndex = 0; path = PolyPrep.app; sourceTree = BUILT_PRODUCTS_DIR; };
		81F481622D92EF0B0094F556 /* PolyPrepTests.xctest */ = {isa = PBXFileReference; explicitFileType = wrapper.cfbundle; includeInIndex = 0; path = PolyPrepTests.xctest; sourceTree = BUILT_PRODUCTS_DIR; };
		81F4816C2D92EF0B0094F556 /* PolyPrepUITests.xctest */ = {isa = PBXFileReference; explicitFileType = wrapper.cfbundle; includeInIndex = 0; path = PolyPrepUITests.xctest; sourceTree = BUILT_PRODUCTS_DIR; };
/* End PBXFileReference section */

/* Begin PBXFileSystemSynchronizedBuildFileExceptionSet section */
		811463CB2DB59FDC0093F637 /* Exceptions for "PolyPrep" folder in "PolyPrepTests" target */ = {
			isa = PBXFileSystemSynchronizedBuildFileExceptionSet;
			membershipExceptions = (
				Views/SplashScreen.swift,
			);
			target = 81F481612D92EF0B0094F556 /* PolyPrepTests */;
		};
		811463CC2DB59FDC0093F637 /* Exceptions for "PolyPrep" folder in "PolyPrepUITests" target */ = {
			isa = PBXFileSystemSynchronizedBuildFileExceptionSet;
			membershipExceptions = (
				Views/SplashScreen.swift,
			);
			target = 81F4816B2D92EF0B0094F556 /* PolyPrepUITests */;
		};
		8194E5602DCE343F00B976DF /* Exceptions for "PolyPrep" folder in "PolyPrep_ Watch App" target */ = {
			isa = PBXFileSystemSynchronizedBuildFileExceptionSet;
			membershipExceptions = (
				Models/SharedNotesManager.swift,
			);
			target = 8194E5192DCE186200B976DF /* PolyPrep_ Watch App */;
		};
/* End PBXFileSystemSynchronizedBuildFileExceptionSet section */

/* Begin PBXFileSystemSynchronizedRootGroup section */
		8194E51B2DCE186200B976DF /* PolyPrep_ Watch App */ = {
			isa = PBXFileSystemSynchronizedRootGroup;
			path = "PolyPrep_ Watch App";
			sourceTree = "<group>";
		};
		8194E52C2DCE186400B976DF /* PolyPrep_ Watch AppTests */ = {
			isa = PBXFileSystemSynchronizedRootGroup;
			path = "PolyPrep_ Watch AppTests";
			sourceTree = "<group>";
		};
		8194E5362DCE186400B976DF /* PolyPrep_ Watch AppUITests */ = {
			isa = PBXFileSystemSynchronizedRootGroup;
			path = "PolyPrep_ Watch AppUITests";
			sourceTree = "<group>";
		};
		81F481542D92EF090094F556 /* PolyPrep */ = {
			isa = PBXFileSystemSynchronizedRootGroup;
			exceptions = (
				811463CB2DB59FDC0093F637 /* Exceptions for "PolyPrep" folder in "PolyPrepTests" target */,
				811463CC2DB59FDC0093F637 /* Exceptions for "PolyPrep" folder in "PolyPrepUITests" target */,
				8194E5602DCE343F00B976DF /* Exceptions for "PolyPrep" folder in "PolyPrep_ Watch App" target */,
			);
			path = PolyPrep;
			sourceTree = "<group>";
		};
		81F481652D92EF0B0094F556 /* PolyPrepTests */ = {
			isa = PBXFileSystemSynchronizedRootGroup;
			path = PolyPrepTests;
			sourceTree = "<group>";
		};
		81F4816F2D92EF0B0094F556 /* PolyPrepUITests */ = {
			isa = PBXFileSystemSynchronizedRootGroup;
			path = PolyPrepUITests;
			sourceTree = "<group>";
		};
/* End PBXFileSystemSynchronizedRootGroup section */

/* Begin PBXFrameworksBuildPhase section */
		8194E5172DCE186200B976DF /* Frameworks */ = {
			isa = PBXFrameworksBuildPhase;
			buildActionMask = 2147483647;
			files = (
			);
			runOnlyForDeploymentPostprocessing = 0;
		};
		8194E5262DCE186400B976DF /* Frameworks */ = {
			isa = PBXFrameworksBuildPhase;
			buildActionMask = 2147483647;
			files = (
			);
			runOnlyForDeploymentPostprocessing = 0;
		};
		8194E5302DCE186400B976DF /* Frameworks */ = {
			isa = PBXFrameworksBuildPhase;
			buildActionMask = 2147483647;
			files = (
			);
			runOnlyForDeploymentPostprocessing = 0;
		};
		81F4814F2D92EF090094F556 /* Frameworks */ = {
			isa = PBXFrameworksBuildPhase;
			buildActionMask = 2147483647;
			files = (
			);
			runOnlyForDeploymentPostprocessing = 0;
		};
		81F4815F2D92EF0B0094F556 /* Frameworks */ = {
			isa = PBXFrameworksBuildPhase;
			buildActionMask = 2147483647;
			files = (
			);
			runOnlyForDeploymentPostprocessing = 0;
		};
		81F481692D92EF0B0094F556 /* Frameworks */ = {
			isa = PBXFrameworksBuildPhase;
			buildActionMask = 2147483647;
			files = (
			);
			runOnlyForDeploymentPostprocessing = 0;
		};
/* End PBXFrameworksBuildPhase section */

/* Begin PBXGroup section */
		81F481492D92EF090094F556 = {
			isa = PBXGroup;
			children = (
				81F481542D92EF090094F556 /* PolyPrep */,
				81F481652D92EF0B0094F556 /* PolyPrepTests */,
				81F4816F2D92EF0B0094F556 /* PolyPrepUITests */,
				8194E51B2DCE186200B976DF /* PolyPrep_ Watch App */,
				8194E52C2DCE186400B976DF /* PolyPrep_ Watch AppTests */,
				8194E5362DCE186400B976DF /* PolyPrep_ Watch AppUITests */,
				81F481532D92EF090094F556 /* Products */,
			);
			sourceTree = "<group>";
		};
		81F481532D92EF090094F556 /* Products */ = {
			isa = PBXGroup;
			children = (
				81F481522D92EF090094F556 /* PolyPrep.app */,
				81F481622D92EF0B0094F556 /* PolyPrepTests.xctest */,
				81F4816C2D92EF0B0094F556 /* PolyPrepUITests.xctest */,
				8194E51A2DCE186200B976DF /* PolyPrep_ Watch App.app */,
				8194E5292DCE186400B976DF /* PolyPrep_ Watch AppTests.xctest */,
				8194E5332DCE186400B976DF /* PolyPrep_ Watch AppUITests.xctest */,
			);
			name = Products;
			sourceTree = "<group>";
		};
/* End PBXGroup section */

/* Begin PBXNativeTarget section */
		8194E5192DCE186200B976DF /* PolyPrep_ Watch App */ = {
			isa = PBXNativeTarget;
			buildConfigurationList = 8194E53E2DCE186400B976DF /* Build configuration list for PBXNativeTarget "PolyPrep_ Watch App" */;
			buildPhases = (
				8194E5162DCE186200B976DF /* Sources */,
				8194E5172DCE186200B976DF /* Frameworks */,
				8194E5182DCE186200B976DF /* Resources */,
			);
			buildRules = (
			);
			dependencies = (
			);
			fileSystemSynchronizedGroups = (
				8194E51B2DCE186200B976DF /* PolyPrep_ Watch App */,
			);
			name = "PolyPrep_ Watch App";
			packageProductDependencies = (
			);
			productName = "PolyPrep_ Watch App";
			productReference = 8194E51A2DCE186200B976DF /* PolyPrep_ Watch App.app */;
			productType = "com.apple.product-type.application";
		};
		8194E5282DCE186400B976DF /* PolyPrep_ Watch AppTests */ = {
			isa = PBXNativeTarget;
			buildConfigurationList = 8194E5422DCE186400B976DF /* Build configuration list for PBXNativeTarget "PolyPrep_ Watch AppTests" */;
			buildPhases = (
				8194E5252DCE186400B976DF /* Sources */,
				8194E5262DCE186400B976DF /* Frameworks */,
				8194E5272DCE186400B976DF /* Resources */,
			);
			buildRules = (
			);
			dependencies = (
				8194E52B2DCE186400B976DF /* PBXTargetDependency */,
			);
			fileSystemSynchronizedGroups = (
				8194E52C2DCE186400B976DF /* PolyPrep_ Watch AppTests */,
			);
			name = "PolyPrep_ Watch AppTests";
			packageProductDependencies = (
			);
			productName = "PolyPrep_ Watch AppTests";
			productReference = 8194E5292DCE186400B976DF /* PolyPrep_ Watch AppTests.xctest */;
			productType = "com.apple.product-type.bundle.unit-test";
		};
		8194E5322DCE186400B976DF /* PolyPrep_ Watch AppUITests */ = {
			isa = PBXNativeTarget;
			buildConfigurationList = 8194E5452DCE186400B976DF /* Build configuration list for PBXNativeTarget "PolyPrep_ Watch AppUITests" */;
			buildPhases = (
				8194E52F2DCE186400B976DF /* Sources */,
				8194E5302DCE186400B976DF /* Frameworks */,
				8194E5312DCE186400B976DF /* Resources */,
			);
			buildRules = (
			);
			dependencies = (
				8194E5352DCE186400B976DF /* PBXTargetDependency */,
			);
			fileSystemSynchronizedGroups = (
				8194E5362DCE186400B976DF /* PolyPrep_ Watch AppUITests */,
			);
			name = "PolyPrep_ Watch AppUITests";
			packageProductDependencies = (
			);
			productName = "PolyPrep_ Watch AppUITests";
			productReference = 8194E5332DCE186400B976DF /* PolyPrep_ Watch AppUITests.xctest */;
			productType = "com.apple.product-type.bundle.ui-testing";
		};
		81F481512D92EF090094F556 /* PolyPrep */ = {
			isa = PBXNativeTarget;
			buildConfigurationList = 81F481762D92EF0B0094F556 /* Build configuration list for PBXNativeTarget "PolyPrep" */;
			buildPhases = (
				81F4814E2D92EF090094F556 /* Sources */,
				81F4814F2D92EF090094F556 /* Frameworks */,
				81F481502D92EF090094F556 /* Resources */,
				8194E5412DCE186400B976DF /* Embed Watch Content */,
			);
			buildRules = (
			);
			dependencies = (
				8194E53C2DCE186400B976DF /* PBXTargetDependency */,
			);
			fileSystemSynchronizedGroups = (
				81F481542D92EF090094F556 /* PolyPrep */,
			);
			name = PolyPrep;
			packageProductDependencies = (
			);
			productName = PolyPrep;
			productReference = 81F481522D92EF090094F556 /* PolyPrep.app */;
			productType = "com.apple.product-type.application";
		};
		81F481612D92EF0B0094F556 /* PolyPrepTests */ = {
			isa = PBXNativeTarget;
			buildConfigurationList = 81F481792D92EF0B0094F556 /* Build configuration list for PBXNativeTarget "PolyPrepTests" */;
			buildPhases = (
				81F4815E2D92EF0B0094F556 /* Sources */,
				81F4815F2D92EF0B0094F556 /* Frameworks */,
				81F481602D92EF0B0094F556 /* Resources */,
			);
			buildRules = (
			);
			dependencies = (
				81F481642D92EF0B0094F556 /* PBXTargetDependency */,
			);
			fileSystemSynchronizedGroups = (
				81F481652D92EF0B0094F556 /* PolyPrepTests */,
			);
			name = PolyPrepTests;
			packageProductDependencies = (
			);
			productName = PolyPrepTests;
			productReference = 81F481622D92EF0B0094F556 /* PolyPrepTests.xctest */;
			productType = "com.apple.product-type.bundle.unit-test";
		};
		81F4816B2D92EF0B0094F556 /* PolyPrepUITests */ = {
			isa = PBXNativeTarget;
			buildConfigurationList = 81F4817C2D92EF0B0094F556 /* Build configuration list for PBXNativeTarget "PolyPrepUITests" */;
			buildPhases = (
				81F481682D92EF0B0094F556 /* Sources */,
				81F481692D92EF0B0094F556 /* Frameworks */,
				81F4816A2D92EF0B0094F556 /* Resources */,
			);
			buildRules = (
			);
			dependencies = (
				81F4816E2D92EF0B0094F556 /* PBXTargetDependency */,
			);
			fileSystemSynchronizedGroups = (
				81F4816F2D92EF0B0094F556 /* PolyPrepUITests */,
			);
			name = PolyPrepUITests;
			packageProductDependencies = (
			);
			productName = PolyPrepUITests;
			productReference = 81F4816C2D92EF0B0094F556 /* PolyPrepUITests.xctest */;
			productType = "com.apple.product-type.bundle.ui-testing";
		};
/* End PBXNativeTarget section */

/* Begin PBXProject section */
		81F4814A2D92EF090094F556 /* Project object */ = {
			isa = PBXProject;
			attributes = {
				BuildIndependentTargetsInParallel = 1;
				LastSwiftUpdateCheck = 1620;
				LastUpgradeCheck = 1620;
				TargetAttributes = {
					8194E5192DCE186200B976DF = {
						CreatedOnToolsVersion = 16.2;
					};
					8194E5282DCE186400B976DF = {
						CreatedOnToolsVersion = 16.2;
						TestTargetID = 8194E5192DCE186200B976DF;
					};
					8194E5322DCE186400B976DF = {
						CreatedOnToolsVersion = 16.2;
						TestTargetID = 8194E5192DCE186200B976DF;
					};
					81F481512D92EF090094F556 = {
						CreatedOnToolsVersion = 16.2;
					};
					81F481612D92EF0B0094F556 = {
						CreatedOnToolsVersion = 16.2;
						TestTargetID = 81F481512D92EF090094F556;
					};
					81F4816B2D92EF0B0094F556 = {
						CreatedOnToolsVersion = 16.2;
						TestTargetID = 81F481512D92EF090094F556;
					};
				};
			};
			buildConfigurationList = 81F4814D2D92EF090094F556 /* Build configuration list for PBXProject "PolyPrep" */;
			developmentRegion = en;
			hasScannedForEncodings = 0;
			knownRegions = (
				en,
				Base,
			);
			mainGroup = 81F481492D92EF090094F556;
			minimizedProjectReferenceProxies = 1;
			preferredProjectObjectVersion = 77;
			productRefGroup = 81F481532D92EF090094F556 /* Products */;
			projectDirPath = "";
			projectRoot = "";
			targets = (
				81F481512D92EF090094F556 /* PolyPrep */,
				81F481612D92EF0B0094F556 /* PolyPrepTests */,
				81F4816B2D92EF0B0094F556 /* PolyPrepUITests */,
				8194E5192DCE186200B976DF /* PolyPrep_ Watch App */,
				8194E5282DCE186400B976DF /* PolyPrep_ Watch AppTests */,
				8194E5322DCE186400B976DF /* PolyPrep_ Watch AppUITests */,
			);
		};
/* End PBXProject section */

/* Begin PBXResourcesBuildPhase section */
		8194E5182DCE186200B976DF /* Resources */ = {
			isa = PBXResourcesBuildPhase;
			buildActionMask = 2147483647;
			files = (
			);
			runOnlyForDeploymentPostprocessing = 0;
		};
		8194E5272DCE186400B976DF /* Resources */ = {
			isa = PBXResourcesBuildPhase;
			buildActionMask = 2147483647;
			files = (
			);
			runOnlyForDeploymentPostprocessing = 0;
		};
		8194E5312DCE186400B976DF /* Resources */ = {
			isa = PBXResourcesBuildPhase;
			buildActionMask = 2147483647;
			files = (
			);
			runOnlyForDeploymentPostprocessing = 0;
		};
		81F481502D92EF090094F556 /* Resources */ = {
			isa = PBXResourcesBuildPhase;
			buildActionMask = 2147483647;
			files = (
			);
			runOnlyForDeploymentPostprocessing = 0;
		};
		81F481602D92EF0B0094F556 /* Resources */ = {
			isa = PBXResourcesBuildPhase;
			buildActionMask = 2147483647;
			files = (
			);
			runOnlyForDeploymentPostprocessing = 0;
		};
		81F4816A2D92EF0B0094F556 /* Resources */ = {
			isa = PBXResourcesBuildPhase;
			buildActionMask = 2147483647;
			files = (
			);
			runOnlyForDeploymentPostprocessing = 0;
		};
/* End PBXResourcesBuildPhase section */

/* Begin PBXSourcesBuildPhase section */
		8194E5162DCE186200B976DF /* Sources */ = {
			isa = PBXSourcesBuildPhase;
			buildActionMask = 2147483647;
			files = (
			);
			runOnlyForDeploymentPostprocessing = 0;
		};
		8194E5252DCE186400B976DF /* Sources */ = {
			isa = PBXSourcesBuildPhase;
			buildActionMask = 2147483647;
			files = (
			);
			runOnlyForDeploymentPostprocessing = 0;
		};
		8194E52F2DCE186400B976DF /* Sources */ = {
			isa = PBXSourcesBuildPhase;
			buildActionMask = 2147483647;
			files = (
			);
			runOnlyForDeploymentPostprocessing = 0;
		};
		81F4814E2D92EF090094F556 /* Sources */ = {
			isa = PBXSourcesBuildPhase;
			buildActionMask = 2147483647;
			files = (
			);
			runOnlyForDeploymentPostprocessing = 0;
		};
		81F4815E2D92EF0B0094F556 /* Sources */ = {
			isa = PBXSourcesBuildPhase;
			buildActionMask = 2147483647;
			files = (
			);
			runOnlyForDeploymentPostprocessing = 0;
		};
		81F481682D92EF0B0094F556 /* Sources */ = {
			isa = PBXSourcesBuildPhase;
			buildActionMask = 2147483647;
			files = (
			);
			runOnlyForDeploymentPostprocessing = 0;
		};
/* End PBXSourcesBuildPhase section */

/* Begin PBXTargetDependency section */
		8194E52B2DCE186400B976DF /* PBXTargetDependency */ = {
			isa = PBXTargetDependency;
			target = 8194E5192DCE186200B976DF /* PolyPrep_ Watch App */;
			targetProxy = 8194E52A2DCE186400B976DF /* PBXContainerItemProxy */;
		};
		8194E5352DCE186400B976DF /* PBXTargetDependency */ = {
			isa = PBXTargetDependency;
			target = 8194E5192DCE186200B976DF /* PolyPrep_ Watch App */;
			targetProxy = 8194E5342DCE186400B976DF /* PBXContainerItemProxy */;
		};
		8194E53C2DCE186400B976DF /* PBXTargetDependency */ = {
			isa = PBXTargetDependency;
			target = 8194E5192DCE186200B976DF /* PolyPrep_ Watch App */;
			targetProxy = 8194E53B2DCE186400B976DF /* PBXContainerItemProxy */;
		};
		81F481642D92EF0B0094F556 /* PBXTargetDependency */ = {
			isa = PBXTargetDependency;
			target = 81F481512D92EF090094F556 /* PolyPrep */;
			targetProxy = 81F481632D92EF0B0094F556 /* PBXContainerItemProxy */;
		};
		81F4816E2D92EF0B0094F556 /* PBXTargetDependency */ = {
			isa = PBXTargetDependency;
			target = 81F481512D92EF090094F556 /* PolyPrep */;
			targetProxy = 81F4816D2D92EF0B0094F556 /* PBXContainerItemProxy */;
		};
/* End PBXTargetDependency section */

/* Begin XCBuildConfiguration section */
		8194E53F2DCE186400B976DF /* Debug */ = {
			isa = XCBuildConfiguration;
			buildSettings = {
				ASSETCATALOG_COMPILER_APPICON_NAME = AppIcon;
				ASSETCATALOG_COMPILER_GLOBAL_ACCENT_COLOR_NAME = AccentColor;
				CODE_SIGN_ENTITLEMENTS = "PolyPrep_ Watch App/PolyPrep_ Watch App.entitlements";
				CODE_SIGN_STYLE = Automatic;
				CURRENT_PROJECT_VERSION = 1;
				DEVELOPMENT_ASSET_PATHS = "\"PolyPrep_ Watch App/Preview Content\"";
				DEVELOPMENT_TEAM = JK8G5DLHK4;
				ENABLE_PREVIEWS = YES;
				GENERATE_INFOPLIST_FILE = YES;
				INFOPLIST_KEY_CFBundleDisplayName = PolyPrep_;
				INFOPLIST_KEY_UISupportedInterfaceOrientations = "UIInterfaceOrientationPortrait UIInterfaceOrientationPortraitUpsideDown";
				INFOPLIST_KEY_WKCompanionAppBundleIdentifier = com.PolyPrep;
				LD_RUNPATH_SEARCH_PATHS = (
					"$(inherited)",
					"@executable_path/Frameworks",
				);
				MARKETING_VERSION = 1.0;
				PRODUCT_BUNDLE_IDENTIFIER = com.PolyPrep.watchkitapp;
				PRODUCT_NAME = "$(TARGET_NAME)";
				SDKROOT = watchos;
				SKIP_INSTALL = YES;
				SWIFT_EMIT_LOC_STRINGS = YES;
				SWIFT_VERSION = 5.0;
				TARGETED_DEVICE_FAMILY = 4;
				WATCHOS_DEPLOYMENT_TARGET = 11.2;
			};
			name = Debug;
		};
		8194E5402DCE186400B976DF /* Release */ = {
			isa = XCBuildConfiguration;
			buildSettings = {
				ASSETCATALOG_COMPILER_APPICON_NAME = AppIcon;
				ASSETCATALOG_COMPILER_GLOBAL_ACCENT_COLOR_NAME = AccentColor;
				CODE_SIGN_ENTITLEMENTS = "PolyPrep_ Watch App/PolyPrep_ Watch App.entitlements";
				CODE_SIGN_STYLE = Automatic;
				CURRENT_PROJECT_VERSION = 1;
				DEVELOPMENT_ASSET_PATHS = "\"PolyPrep_ Watch App/Preview Content\"";
				DEVELOPMENT_TEAM = JK8G5DLHK4;
				ENABLE_PREVIEWS = YES;
				GENERATE_INFOPLIST_FILE = YES;
				INFOPLIST_KEY_CFBundleDisplayName = PolyPrep_;
				INFOPLIST_KEY_UISupportedInterfaceOrientations = "UIInterfaceOrientationPortrait UIInterfaceOrientationPortraitUpsideDown";
				INFOPLIST_KEY_WKCompanionAppBundleIdentifier = com.PolyPrep;
				LD_RUNPATH_SEARCH_PATHS = (
					"$(inherited)",
					"@executable_path/Frameworks",
				);
				MARKETING_VERSION = 1.0;
				PRODUCT_BUNDLE_IDENTIFIER = com.PolyPrep.watchkitapp;
				PRODUCT_NAME = "$(TARGET_NAME)";
				SDKROOT = watchos;
				SKIP_INSTALL = YES;
				SWIFT_EMIT_LOC_STRINGS = YES;
				SWIFT_VERSION = 5.0;
				TARGETED_DEVICE_FAMILY = 4;
				WATCHOS_DEPLOYMENT_TARGET = 11.2;
			};
			name = Release;
		};
		8194E5432DCE186400B976DF /* Debug */ = {
			isa = XCBuildConfiguration;
			buildSettings = {
				BUNDLE_LOADER = "$(TEST_HOST)";
				CODE_SIGN_STYLE = Automatic;
				CURRENT_PROJECT_VERSION = 1;
				DEVELOPMENT_TEAM = JK8G5DLHK4;
				GENERATE_INFOPLIST_FILE = YES;
				MARKETING_VERSION = 1.0;
				PRODUCT_BUNDLE_IDENTIFIER = "com.PolyPrep--Watch-AppTests";
				PRODUCT_NAME = "$(TARGET_NAME)";
				SDKROOT = watchos;
				SWIFT_EMIT_LOC_STRINGS = NO;
				SWIFT_VERSION = 5.0;
				TARGETED_DEVICE_FAMILY = 4;
				TEST_HOST = "$(BUILT_PRODUCTS_DIR)/PolyPrep_ Watch App.app/$(BUNDLE_EXECUTABLE_FOLDER_PATH)/PolyPrep_ Watch App";
				WATCHOS_DEPLOYMENT_TARGET = 11.2;
			};
			name = Debug;
		};
		8194E5442DCE186400B976DF /* Release */ = {
			isa = XCBuildConfiguration;
			buildSettings = {
				BUNDLE_LOADER = "$(TEST_HOST)";
				CODE_SIGN_STYLE = Automatic;
				CURRENT_PROJECT_VERSION = 1;
				DEVELOPMENT_TEAM = JK8G5DLHK4;
				GENERATE_INFOPLIST_FILE = YES;
				MARKETING_VERSION = 1.0;
				PRODUCT_BUNDLE_IDENTIFIER = "com.PolyPrep--Watch-AppTests";
				PRODUCT_NAME = "$(TARGET_NAME)";
				SDKROOT = watchos;
				SWIFT_EMIT_LOC_STRINGS = NO;
				SWIFT_VERSION = 5.0;
				TARGETED_DEVICE_FAMILY = 4;
				TEST_HOST = "$(BUILT_PRODUCTS_DIR)/PolyPrep_ Watch App.app/$(BUNDLE_EXECUTABLE_FOLDER_PATH)/PolyPrep_ Watch App";
				WATCHOS_DEPLOYMENT_TARGET = 11.2;
			};
			name = Release;
		};
		8194E5462DCE186400B976DF /* Debug */ = {
			isa = XCBuildConfiguration;
			buildSettings = {
				CODE_SIGN_STYLE = Automatic;
				CURRENT_PROJECT_VERSION = 1;
				DEVELOPMENT_TEAM = JK8G5DLHK4;
				GENERATE_INFOPLIST_FILE = YES;
				MARKETING_VERSION = 1.0;
				PRODUCT_BUNDLE_IDENTIFIER = "com.PolyPrep--Watch-AppUITests";
				PRODUCT_NAME = "$(TARGET_NAME)";
				SDKROOT = watchos;
				SWIFT_EMIT_LOC_STRINGS = NO;
				SWIFT_VERSION = 5.0;
				TARGETED_DEVICE_FAMILY = 4;
				TEST_TARGET_NAME = "PolyPrep_ Watch App";
				WATCHOS_DEPLOYMENT_TARGET = 11.2;
			};
			name = Debug;
		};
		8194E5472DCE186400B976DF /* Release */ = {
			isa = XCBuildConfiguration;
			buildSettings = {
				CODE_SIGN_STYLE = Automatic;
				CURRENT_PROJECT_VERSION = 1;
				DEVELOPMENT_TEAM = JK8G5DLHK4;
				GENERATE_INFOPLIST_FILE = YES;
				MARKETING_VERSION = 1.0;
				PRODUCT_BUNDLE_IDENTIFIER = "com.PolyPrep--Watch-AppUITests";
				PRODUCT_NAME = "$(TARGET_NAME)";
				SDKROOT = watchos;
				SWIFT_EMIT_LOC_STRINGS = NO;
				SWIFT_VERSION = 5.0;
				TARGETED_DEVICE_FAMILY = 4;
				TEST_TARGET_NAME = "PolyPrep_ Watch App";
				WATCHOS_DEPLOYMENT_TARGET = 11.2;
			};
			name = Release;
		};
		81F481742D92EF0B0094F556 /* Debug */ = {
			isa = XCBuildConfiguration;
			buildSettings = {
				ALWAYS_SEARCH_USER_PATHS = NO;
				ASSETCATALOG_COMPILER_GENERATE_SWIFT_ASSET_SYMBOL_EXTENSIONS = YES;
				CLANG_ANALYZER_NONNULL = YES;
				CLANG_ANALYZER_NUMBER_OBJECT_CONVERSION = YES_AGGRESSIVE;
				CLANG_CXX_LANGUAGE_STANDARD = "gnu++20";
				CLANG_ENABLE_MODULES = YES;
				CLANG_ENABLE_OBJC_ARC = YES;
				CLANG_ENABLE_OBJC_WEAK = YES;
				CLANG_WARN_BLOCK_CAPTURE_AUTORELEASING = YES;
				CLANG_WARN_BOOL_CONVERSION = YES;
				CLANG_WARN_COMMA = YES;
				CLANG_WARN_CONSTANT_CONVERSION = YES;
				CLANG_WARN_DEPRECATED_OBJC_IMPLEMENTATIONS = YES;
				CLANG_WARN_DIRECT_OBJC_ISA_USAGE = YES_ERROR;
				CLANG_WARN_DOCUMENTATION_COMMENTS = YES;
				CLANG_WARN_EMPTY_BODY = YES;
				CLANG_WARN_ENUM_CONVERSION = YES;
				CLANG_WARN_INFINITE_RECURSION = YES;
				CLANG_WARN_INT_CONVERSION = YES;
				CLANG_WARN_NON_LITERAL_NULL_CONVERSION = YES;
				CLANG_WARN_OBJC_IMPLICIT_RETAIN_SELF = YES;
				CLANG_WARN_OBJC_LITERAL_CONVERSION = YES;
				CLANG_WARN_OBJC_ROOT_CLASS = YES_ERROR;
				CLANG_WARN_QUOTED_INCLUDE_IN_FRAMEWORK_HEADER = YES;
				CLANG_WARN_RANGE_LOOP_ANALYSIS = YES;
				CLANG_WARN_STRICT_PROTOTYPES = YES;
				CLANG_WARN_SUSPICIOUS_MOVE = YES;
				CLANG_WARN_UNGUARDED_AVAILABILITY = YES_AGGRESSIVE;
				CLANG_WARN_UNREACHABLE_CODE = YES;
				CLANG_WARN__DUPLICATE_METHOD_MATCH = YES;
				COPY_PHASE_STRIP = NO;
				DEBUG_INFORMATION_FORMAT = dwarf;
				ENABLE_STRICT_OBJC_MSGSEND = YES;
				ENABLE_TESTABILITY = YES;
				ENABLE_USER_SCRIPT_SANDBOXING = YES;
				GCC_C_LANGUAGE_STANDARD = gnu17;
				GCC_DYNAMIC_NO_PIC = NO;
				GCC_NO_COMMON_BLOCKS = YES;
				GCC_OPTIMIZATION_LEVEL = 0;
				GCC_PREPROCESSOR_DEFINITIONS = (
					"DEBUG=1",
					"$(inherited)",
				);
				GCC_WARN_64_TO_32_BIT_CONVERSION = YES;
				GCC_WARN_ABOUT_RETURN_TYPE = YES_ERROR;
				GCC_WARN_UNDECLARED_SELECTOR = YES;
				GCC_WARN_UNINITIALIZED_AUTOS = YES_AGGRESSIVE;
				GCC_WARN_UNUSED_FUNCTION = YES;
				GCC_WARN_UNUSED_VARIABLE = YES;
				IPHONEOS_DEPLOYMENT_TARGET = 18.2;
				LOCALIZATION_PREFERS_STRING_CATALOGS = YES;
				MTL_ENABLE_DEBUG_INFO = INCLUDE_SOURCE;
				MTL_FAST_MATH = YES;
				ONLY_ACTIVE_ARCH = YES;
				SDKROOT = iphoneos;
				SWIFT_ACTIVE_COMPILATION_CONDITIONS = "DEBUG $(inherited)";
				SWIFT_OPTIMIZATION_LEVEL = "-Onone";
			};
			name = Debug;
		};
		81F481752D92EF0B0094F556 /* Release */ = {
			isa = XCBuildConfiguration;
			buildSettings = {
				ALWAYS_SEARCH_USER_PATHS = NO;
				ASSETCATALOG_COMPILER_GENERATE_SWIFT_ASSET_SYMBOL_EXTENSIONS = YES;
				CLANG_ANALYZER_NONNULL = YES;
				CLANG_ANALYZER_NUMBER_OBJECT_CONVERSION = YES_AGGRESSIVE;
				CLANG_CXX_LANGUAGE_STANDARD = "gnu++20";
				CLANG_ENABLE_MODULES = YES;
				CLANG_ENABLE_OBJC_ARC = YES;
				CLANG_ENABLE_OBJC_WEAK = YES;
				CLANG_WARN_BLOCK_CAPTURE_AUTORELEASING = YES;
				CLANG_WARN_BOOL_CONVERSION = YES;
				CLANG_WARN_COMMA = YES;
				CLANG_WARN_CONSTANT_CONVERSION = YES;
				CLANG_WARN_DEPRECATED_OBJC_IMPLEMENTATIONS = YES;
				CLANG_WARN_DIRECT_OBJC_ISA_USAGE = YES_ERROR;
				CLANG_WARN_DOCUMENTATION_COMMENTS = YES;
				CLANG_WARN_EMPTY_BODY = YES;
				CLANG_WARN_ENUM_CONVERSION = YES;
				CLANG_WARN_INFINITE_RECURSION = YES;
				CLANG_WARN_INT_CONVERSION = YES;
				CLANG_WARN_NON_LITERAL_NULL_CONVERSION = YES;
				CLANG_WARN_OBJC_IMPLICIT_RETAIN_SELF = YES;
				CLANG_WARN_OBJC_LITERAL_CONVERSION = YES;
				CLANG_WARN_OBJC_ROOT_CLASS = YES_ERROR;
				CLANG_WARN_QUOTED_INCLUDE_IN_FRAMEWORK_HEADER = YES;
				CLANG_WARN_RANGE_LOOP_ANALYSIS = YES;
				CLANG_WARN_STRICT_PROTOTYPES = YES;
				CLANG_WARN_SUSPICIOUS_MOVE = YES;
				CLANG_WARN_UNGUARDED_AVAILABILITY = YES_AGGRESSIVE;
				CLANG_WARN_UNREACHABLE_CODE = YES;
				CLANG_WARN__DUPLICATE_METHOD_MATCH = YES;
				COPY_PHASE_STRIP = NO;
				DEBUG_INFORMATION_FORMAT = "dwarf-with-dsym";
				ENABLE_NS_ASSERTIONS = NO;
				ENABLE_STRICT_OBJC_MSGSEND = YES;
				ENABLE_USER_SCRIPT_SANDBOXING = YES;
				GCC_C_LANGUAGE_STANDARD = gnu17;
				GCC_NO_COMMON_BLOCKS = YES;
				GCC_WARN_64_TO_32_BIT_CONVERSION = YES;
				GCC_WARN_ABOUT_RETURN_TYPE = YES_ERROR;
				GCC_WARN_UNDECLARED_SELECTOR = YES;
				GCC_WARN_UNINITIALIZED_AUTOS = YES_AGGRESSIVE;
				GCC_WARN_UNUSED_FUNCTION = YES;
				GCC_WARN_UNUSED_VARIABLE = YES;
				IPHONEOS_DEPLOYMENT_TARGET = 18.2;
				LOCALIZATION_PREFERS_STRING_CATALOGS = YES;
				MTL_ENABLE_DEBUG_INFO = NO;
				MTL_FAST_MATH = YES;
				SDKROOT = iphoneos;
				SWIFT_COMPILATION_MODE = wholemodule;
				VALIDATE_PRODUCT = YES;
			};
			name = Release;
		};
		81F481772D92EF0B0094F556 /* Debug */ = {
			isa = XCBuildConfiguration;
			buildSettings = {
				ASSETCATALOG_COMPILER_APPICON_NAME = AppIcon;
				ASSETCATALOG_COMPILER_GLOBAL_ACCENT_COLOR_NAME = AccentColor;
				CODE_SIGN_ENTITLEMENTS = PolyPrep/PolyPrep.entitlements;
				CODE_SIGN_STYLE = Automatic;
				CURRENT_PROJECT_VERSION = 1;
				DEVELOPMENT_ASSET_PATHS = "\"PolyPrep/Preview Content\"";
				DEVELOPMENT_TEAM = JK8G5DLHK4;
				ENABLE_PREVIEWS = YES;
				GENERATE_INFOPLIST_FILE = YES;
				INFOPLIST_KEY_UIApplicationSceneManifest_Generation = YES;
				INFOPLIST_KEY_UIApplicationSupportsIndirectInputEvents = YES;
				INFOPLIST_KEY_UILaunchScreen_Generation = YES;
				INFOPLIST_KEY_UISupportedInterfaceOrientations_iPad = "UIInterfaceOrientationPortrait UIInterfaceOrientationPortraitUpsideDown UIInterfaceOrientationLandscapeLeft UIInterfaceOrientationLandscapeRight";
				INFOPLIST_KEY_UISupportedInterfaceOrientations_iPhone = "UIInterfaceOrientationPortrait UIInterfaceOrientationLandscapeLeft UIInterfaceOrientationLandscapeRight";
				LD_RUNPATH_SEARCH_PATHS = (
					"$(inherited)",
					"@executable_path/Frameworks",
				);
				MARKETING_VERSION = 1.0;
				PRODUCT_BUNDLE_IDENTIFIER = com.PolyPrep;
				PRODUCT_NAME = "$(TARGET_NAME)";
				SWIFT_EMIT_LOC_STRINGS = YES;
				SWIFT_VERSION = 5.0;
				TARGETED_DEVICE_FAMILY = "1,2";
			};
			name = Debug;
		};
		81F481782D92EF0B0094F556 /* Release */ = {
			isa = XCBuildConfiguration;
			buildSettings = {
				ASSETCATALOG_COMPILER_APPICON_NAME = AppIcon;
				ASSETCATALOG_COMPILER_GLOBAL_ACCENT_COLOR_NAME = AccentColor;
				CODE_SIGN_ENTITLEMENTS = PolyPrep/PolyPrep.entitlements;
				CODE_SIGN_STYLE = Automatic;
				CURRENT_PROJECT_VERSION = 1;
				DEVELOPMENT_ASSET_PATHS = "\"PolyPrep/Preview Content\"";
				DEVELOPMENT_TEAM = JK8G5DLHK4;
				ENABLE_PREVIEWS = YES;
				GENERATE_INFOPLIST_FILE = YES;
				INFOPLIST_KEY_UIApplicationSceneManifest_Generation = YES;
				INFOPLIST_KEY_UIApplicationSupportsIndirectInputEvents = YES;
				INFOPLIST_KEY_UILaunchScreen_Generation = YES;
				INFOPLIST_KEY_UISupportedInterfaceOrientations_iPad = "UIInterfaceOrientationPortrait UIInterfaceOrientationPortraitUpsideDown UIInterfaceOrientationLandscapeLeft UIInterfaceOrientationLandscapeRight";
				INFOPLIST_KEY_UISupportedInterfaceOrientations_iPhone = "UIInterfaceOrientationPortrait UIInterfaceOrientationLandscapeLeft UIInterfaceOrientationLandscapeRight";
				LD_RUNPATH_SEARCH_PATHS = (
					"$(inherited)",
					"@executable_path/Frameworks",
				);
				MARKETING_VERSION = 1.0;
				PRODUCT_BUNDLE_IDENTIFIER = com.PolyPrep;
				PRODUCT_NAME = "$(TARGET_NAME)";
				SWIFT_EMIT_LOC_STRINGS = YES;
				SWIFT_VERSION = 5.0;
				TARGETED_DEVICE_FAMILY = "1,2";
			};
			name = Release;
		};
		81F4817A2D92EF0B0094F556 /* Debug */ = {
			isa = XCBuildConfiguration;
			buildSettings = {
				BUNDLE_LOADER = "$(TEST_HOST)";
				CODE_SIGN_STYLE = Automatic;
				CURRENT_PROJECT_VERSION = 1;
				DEVELOPMENT_TEAM = JK8G5DLHK4;
				GENERATE_INFOPLIST_FILE = YES;
				IPHONEOS_DEPLOYMENT_TARGET = 18.2;
				MARKETING_VERSION = 1.0;
				PRODUCT_BUNDLE_IDENTIFIER = com.PolyPrepTests;
				PRODUCT_NAME = "$(TARGET_NAME)";
				SWIFT_EMIT_LOC_STRINGS = NO;
				SWIFT_VERSION = 5.0;
				TARGETED_DEVICE_FAMILY = "1,2";
				TEST_HOST = "$(BUILT_PRODUCTS_DIR)/PolyPrep.app/$(BUNDLE_EXECUTABLE_FOLDER_PATH)/PolyPrep";
			};
			name = Debug;
		};
		81F4817B2D92EF0B0094F556 /* Release */ = {
			isa = XCBuildConfiguration;
			buildSettings = {
				BUNDLE_LOADER = "$(TEST_HOST)";
				CODE_SIGN_STYLE = Automatic;
				CURRENT_PROJECT_VERSION = 1;
				DEVELOPMENT_TEAM = JK8G5DLHK4;
				GENERATE_INFOPLIST_FILE = YES;
				IPHONEOS_DEPLOYMENT_TARGET = 18.2;
				MARKETING_VERSION = 1.0;
				PRODUCT_BUNDLE_IDENTIFIER = com.PolyPrepTests;
				PRODUCT_NAME = "$(TARGET_NAME)";
				SWIFT_EMIT_LOC_STRINGS = NO;
				SWIFT_VERSION = 5.0;
				TARGETED_DEVICE_FAMILY = "1,2";
				TEST_HOST = "$(BUILT_PRODUCTS_DIR)/PolyPrep.app/$(BUNDLE_EXECUTABLE_FOLDER_PATH)/PolyPrep";
			};
			name = Release;
		};
		81F4817D2D92EF0B0094F556 /* Debug */ = {
			isa = XCBuildConfiguration;
			buildSettings = {
				CODE_SIGN_STYLE = Automatic;
				CURRENT_PROJECT_VERSION = 1;
				DEVELOPMENT_TEAM = JK8G5DLHK4;
				GENERATE_INFOPLIST_FILE = YES;
				MARKETING_VERSION = 1.0;
				PRODUCT_BUNDLE_IDENTIFIER = com.PolyPrepUITests;
				PRODUCT_NAME = "$(TARGET_NAME)";
				SWIFT_EMIT_LOC_STRINGS = NO;
				SWIFT_VERSION = 5.0;
				TARGETED_DEVICE_FAMILY = "1,2";
				TEST_TARGET_NAME = PolyPrep;
			};
			name = Debug;
		};
		81F4817E2D92EF0B0094F556 /* Release */ = {
			isa = XCBuildConfiguration;
			buildSettings = {
				CODE_SIGN_STYLE = Automatic;
				CURRENT_PROJECT_VERSION = 1;
				DEVELOPMENT_TEAM = JK8G5DLHK4;
				GENERATE_INFOPLIST_FILE = YES;
				MARKETING_VERSION = 1.0;
				PRODUCT_BUNDLE_IDENTIFIER = com.PolyPrepUITests;
				PRODUCT_NAME = "$(TARGET_NAME)";
				SWIFT_EMIT_LOC_STRINGS = NO;
				SWIFT_VERSION = 5.0;
				TARGETED_DEVICE_FAMILY = "1,2";
				TEST_TARGET_NAME = PolyPrep;
			};
			name = Release;
		};
/* End XCBuildConfiguration section */

/* Begin XCConfigurationList section */
		8194E53E2DCE186400B976DF /* Build configuration list for PBXNativeTarget "PolyPrep_ Watch App" */ = {
			isa = XCConfigurationList;
			buildConfigurations = (
				8194E53F2DCE186400B976DF /* Debug */,
				8194E5402DCE186400B976DF /* Release */,
			);
			defaultConfigurationIsVisible = 0;
			defaultConfigurationName = Release;
		};
		8194E5422DCE186400B976DF /* Build configuration list for PBXNativeTarget "PolyPrep_ Watch AppTests" */ = {
			isa = XCConfigurationList;
			buildConfigurations = (
				8194E5432DCE186400B976DF /* Debug */,
				8194E5442DCE186400B976DF /* Release */,
			);
			defaultConfigurationIsVisible = 0;
			defaultConfigurationName = Release;
		};
		8194E5452DCE186400B976DF /* Build configuration list for PBXNativeTarget "PolyPrep_ Watch AppUITests" */ = {
			isa = XCConfigurationList;
			buildConfigurations = (
				8194E5462DCE186400B976DF /* Debug */,
				8194E5472DCE186400B976DF /* Release */,
			);
			defaultConfigurationIsVisible = 0;
			defaultConfigurationName = Release;
		};
		81F4814D2D92EF090094F556 /* Build configuration list for PBXProject "PolyPrep" */ = {
			isa = XCConfigurationList;
			buildConfigurations = (
				81F481742D92EF0B0094F556 /* Debug */,
				81F481752D92EF0B0094F556 /* Release */,
			);
			defaultConfigurationIsVisible = 0;
			defaultConfigurationName = Release;
		};
		81F481762D92EF0B0094F556 /* Build configuration list for PBXNativeTarget "PolyPrep" */ = {
			isa = XCConfigurationList;
			buildConfigurations = (
				81F481772D92EF0B0094F556 /* Debug */,
				81F481782D92EF0B0094F556 /* Release */,
			);
			defaultConfigurationIsVisible = 0;
			defaultConfigurationName = Release;
		};
		81F481792D92EF0B0094F556 /* Build configuration list for PBXNativeTarget "PolyPrepTests" */ = {
			isa = XCConfigurationList;
			buildConfigurations = (
				81F4817A2D92EF0B0094F556 /* Debug */,
				81F4817B2D92EF0B0094F556 /* Release */,
			);
			defaultConfigurationIsVisible = 0;
			defaultConfigurationName = Release;
		};
		81F4817C2D92EF0B0094F556 /* Build configuration list for PBXNativeTarget "PolyPrepUITests" */ = {
			isa = XCConfigurationList;
			buildConfigurations = (
				81F4817D2D92EF0B0094F556 /* Debug */,
				81F4817E2D92EF0B0094F556 /* Release */,
			);
			defaultConfigurationIsVisible = 0;
			defaultConfigurationName = Release;
		};
/* End XCConfigurationList section */
	};
	rootObject = 81F4814A2D92EF090094F556 /* Project object */;
}
